
Microsoft Visual Studio Solution File, Format Version 12.00
# Visual Studio Version 16
VisualStudioVersion = 16.0.30907.101
MinimumVisualStudioVersion = 10.0.40219.1
Project("{FAE04EC0-301F-11D3-BF4B-00C04F79EFBC}") = "TeamSourceControl_Group4", "TeamSourceControl_Group4\TeamSourceControl_Group4.csproj", "{1A14D49E-6D80-47A0-B2CA-35E6FFF8E054}"
EndProject
Global
	GlobalSection(SolutionConfigurationPlatforms) = preSolution
		Debug|Any CPU = Debug|Any CPU
		Release|Any CPU = Release|Any CPU
	EndGlobalSection
	GlobalSection(ProjectConfigurationPlatforms) = postSolution
		{1A14D49E-6D80-47A0-B2CA-35E6FFF8E054}.Debug|Any CPU.ActiveCfg = Debug|Any CPU
		{1A14D49E-6D80-47A0-B2CA-35E6FFF8E054}.Debug|Any CPU.Build.0 = Debug|Any CPU
		{1A14D49E-6D80-47A0-B2CA-35E6FFF8E054}.Release|Any CPU.ActiveCfg = Release|Any CPU
		{1A14D49E-6D80-47A0-B2CA-35E6FFF8E054}.Release|Any CPU.Build.0 = Release|Any CPU
	EndGlobalSection
	GlobalSection(SolutionProperties) = preSolution
		HideSolutionNode = FALSE
	EndGlobalSection
	GlobalSection(ExtensibilityGlobals) = postSolution
		SolutionGuid = {1420D40D-F1BA-4EBF-BDAA-B8D1D752ED60}
	EndGlobalSection
EndGlobal
